// !$*UTF8*$!
{
	archiveVersion = 1;
	classes = {
	};
	objectVersion = 46;
	objects = {

/* Begin PBXBuildFile section */
		FC1B7B471B61ECC40012708D /* libCloudinary.a in Frameworks */ = {isa = PBXBuildFile; fileRef = FC1B7B461B61ECC40012708D /* libCloudinary.a */; };
		FCA6F7381B5B50A90023686E /* AppDelegate.swift in Sources */ = {isa = PBXBuildFile; fileRef = FCA6F7371B5B50A90023686E /* AppDelegate.swift */; };
		FCA6F73B1B5B50A90023686E /* nostalgic_pluto_ios.xcdatamodeld in Sources */ = {isa = PBXBuildFile; fileRef = FCA6F7391B5B50A90023686E /* nostalgic_pluto_ios.xcdatamodeld */; };
		FCA6F73D1B5B50A90023686E /* HomeViewController.swift in Sources */ = {isa = PBXBuildFile; fileRef = FCA6F73C1B5B50A90023686E /* HomeViewController.swift */; };
		FCA6F7401B5B50A90023686E /* Main.storyboard in Resources */ = {isa = PBXBuildFile; fileRef = FCA6F73E1B5B50A90023686E /* Main.storyboard */; };
		FCA6F7421B5B50A90023686E /* Images.xcassets in Resources */ = {isa = PBXBuildFile; fileRef = FCA6F7411B5B50A90023686E /* Images.xcassets */; };
		FCA6F7451B5B50A90023686E /* LaunchScreen.xib in Resources */ = {isa = PBXBuildFile; fileRef = FCA6F7431B5B50A90023686E /* LaunchScreen.xib */; };
		FCA6F7511B5B50A90023686E /* nostalgic_pluto_iosTests.swift in Sources */ = {isa = PBXBuildFile; fileRef = FCA6F7501B5B50A90023686E /* nostalgic_pluto_iosTests.swift */; };
		FCA6F75C1B5C30E50023686E /* ImageViewController.swift in Sources */ = {isa = PBXBuildFile; fileRef = FCA6F75B1B5C30E50023686E /* ImageViewController.swift */; };
		FCC96AF91B65F0030097DF67 /* API.swift in Sources */ = {isa = PBXBuildFile; fileRef = FCC96AF61B65F0030097DF67 /* API.swift */; };
		FCC96AFA1B65F0030097DF67 /* APIService.swift in Sources */ = {isa = PBXBuildFile; fileRef = FCC96AF71B65F0030097DF67 /* APIService.swift */; };
		FCC96AFB1B65F0030097DF67 /* APIAdapter.swift in Sources */ = {isa = PBXBuildFile; fileRef = FCC96AF81B65F0030097DF67 /* APIAdapter.swift */; };
/* End PBXBuildFile section */

/* Begin PBXContainerItemProxy section */
		FCA6F74B1B5B50A90023686E /* PBXContainerItemProxy */ = {
			isa = PBXContainerItemProxy;
			containerPortal = FCA6F72A1B5B50A90023686E /* Project object */;
			proxyType = 1;
			remoteGlobalIDString = FCA6F7311B5B50A90023686E;
			remoteInfo = "nostalgic-pluto-ios";
		};
/* End PBXContainerItemProxy section */

/* Begin PBXFileReference section */
		FC1B7B461B61ECC40012708D /* libCloudinary.a */ = {isa = PBXFileReference; lastKnownFileType = archive.ar; path = libCloudinary.a; sourceTree = "<group>"; };
		FC1B7B491B61ECF30012708D /* CLCloudinary.h */ = {isa = PBXFileReference; fileEncoding = 4; lastKnownFileType = sourcecode.c.h; path = CLCloudinary.h; sourceTree = "<group>"; };
		FC1B7B4A1B61ECF30012708D /* CLEagerTransformation.h */ = {isa = PBXFileReference; fileEncoding = 4; lastKnownFileType = sourcecode.c.h; path = CLEagerTransformation.h; sourceTree = "<group>"; };
		FC1B7B4B1B61ECF30012708D /* Cloudinary.h */ = {isa = PBXFileReference; fileEncoding = 4; lastKnownFileType = sourcecode.c.h; path = Cloudinary.h; sourceTree = "<group>"; };
		FC1B7B4C1B61ECF30012708D /* CLTransformation.h */ = {isa = PBXFileReference; fileEncoding = 4; lastKnownFileType = sourcecode.c.h; path = CLTransformation.h; sourceTree = "<group>"; };
		FC1B7B4D1B61ECF30012708D /* CLUploader.h */ = {isa = PBXFileReference; fileEncoding = 4; lastKnownFileType = sourcecode.c.h; path = CLUploader.h; sourceTree = "<group>"; };
		FC1B7B501B61EF1C0012708D /* nostalgic-pluto-ios-Bridging-Header.h */ = {isa = PBXFileReference; lastKnownFileType = sourcecode.c.h; path = "nostalgic-pluto-ios-Bridging-Header.h"; sourceTree = "<group>"; };
		FCA6F7321B5B50A90023686E /* nostalgic-pluto-ios.app */ = {isa = PBXFileReference; explicitFileType = wrapper.application; includeInIndex = 0; path = "nostalgic-pluto-ios.app"; sourceTree = BUILT_PRODUCTS_DIR; };
		FCA6F7361B5B50A90023686E /* Info.plist */ = {isa = PBXFileReference; lastKnownFileType = text.plist.xml; path = Info.plist; sourceTree = "<group>"; };
		FCA6F7371B5B50A90023686E /* AppDelegate.swift */ = {isa = PBXFileReference; lastKnownFileType = sourcecode.swift; path = AppDelegate.swift; sourceTree = "<group>"; };
		FCA6F73A1B5B50A90023686E /* nostalgic_pluto_ios.xcdatamodel */ = {isa = PBXFileReference; lastKnownFileType = wrapper.xcdatamodel; path = nostalgic_pluto_ios.xcdatamodel; sourceTree = "<group>"; };
		FCA6F73C1B5B50A90023686E /* HomeViewController.swift */ = {isa = PBXFileReference; lastKnownFileType = sourcecode.swift; path = HomeViewController.swift; sourceTree = "<group>"; };
		FCA6F73F1B5B50A90023686E /* Base */ = {isa = PBXFileReference; lastKnownFileType = file.storyboard; name = Base; path = Base.lproj/Main.storyboard; sourceTree = "<group>"; };
		FCA6F7411B5B50A90023686E /* Images.xcassets */ = {isa = PBXFileReference; lastKnownFileType = folder.assetcatalog; path = Images.xcassets; sourceTree = "<group>"; };
		FCA6F7441B5B50A90023686E /* Base */ = {isa = PBXFileReference; lastKnownFileType = file.xib; name = Base; path = Base.lproj/LaunchScreen.xib; sourceTree = "<group>"; };
		FCA6F74A1B5B50A90023686E /* nostalgic-pluto-iosTests.xctest */ = {isa = PBXFileReference; explicitFileType = wrapper.cfbundle; includeInIndex = 0; path = "nostalgic-pluto-iosTests.xctest"; sourceTree = BUILT_PRODUCTS_DIR; };
		FCA6F74F1B5B50A90023686E /* Info.plist */ = {isa = PBXFileReference; lastKnownFileType = text.plist.xml; path = Info.plist; sourceTree = "<group>"; };
		FCA6F7501B5B50A90023686E /* nostalgic_pluto_iosTests.swift */ = {isa = PBXFileReference; lastKnownFileType = sourcecode.swift; path = nostalgic_pluto_iosTests.swift; sourceTree = "<group>"; };
		FCA6F75B1B5C30E50023686E /* ImageViewController.swift */ = {isa = PBXFileReference; fileEncoding = 4; lastKnownFileType = sourcecode.swift; path = ImageViewController.swift; sourceTree = "<group>"; };
		FCC96AF61B65F0030097DF67 /* API.swift */ = {isa = PBXFileReference; fileEncoding = 4; lastKnownFileType = sourcecode.swift; path = API.swift; sourceTree = "<group>"; };
		FCC96AF71B65F0030097DF67 /* APIService.swift */ = {isa = PBXFileReference; fileEncoding = 4; lastKnownFileType = sourcecode.swift; path = APIService.swift; sourceTree = "<group>"; };
		FCC96AF81B65F0030097DF67 /* APIAdapter.swift */ = {isa = PBXFileReference; fileEncoding = 4; lastKnownFileType = sourcecode.swift; path = APIAdapter.swift; sourceTree = "<group>"; };
/* End PBXFileReference section */

/* Begin PBXFrameworksBuildPhase section */
		FCA6F72F1B5B50A90023686E /* Frameworks */ = {
			isa = PBXFrameworksBuildPhase;
			buildActionMask = 2147483647;
			files = (
				FC1B7B471B61ECC40012708D /* libCloudinary.a in Frameworks */,
			);
			runOnlyForDeploymentPostprocessing = 0;
		};
		FCA6F7471B5B50A90023686E /* Frameworks */ = {
			isa = PBXFrameworksBuildPhase;
			buildActionMask = 2147483647;
			files = (
			);
			runOnlyForDeploymentPostprocessing = 0;
		};
/* End PBXFrameworksBuildPhase section */

/* Begin PBXGroup section */
		FC1B7B481B61ECF30012708D /* Cloudinary */ = {
			isa = PBXGroup;
			children = (
				FC1B7B491B61ECF30012708D /* CLCloudinary.h */,
				FC1B7B4A1B61ECF30012708D /* CLEagerTransformation.h */,
				FC1B7B4B1B61ECF30012708D /* Cloudinary.h */,
				FC1B7B4C1B61ECF30012708D /* CLTransformation.h */,
				FC1B7B4D1B61ECF30012708D /* CLUploader.h */,
				FC1B7B501B61EF1C0012708D /* nostalgic-pluto-ios-Bridging-Header.h */,
			);
			path = Cloudinary;
			sourceTree = "<group>";
		};
		FCA6F7291B5B50A90023686E = {
			isa = PBXGroup;
			children = (
				FC1B7B461B61ECC40012708D /* libCloudinary.a */,
				FCA6F7341B5B50A90023686E /* nostalgic-pluto-ios */,
				FCA6F74D1B5B50A90023686E /* nostalgic-pluto-iosTests */,
				FCA6F7331B5B50A90023686E /* Products */,
			);
			sourceTree = "<group>";
		};
		FCA6F7331B5B50A90023686E /* Products */ = {
			isa = PBXGroup;
			children = (
				FCA6F7321B5B50A90023686E /* nostalgic-pluto-ios.app */,
				FCA6F74A1B5B50A90023686E /* nostalgic-pluto-iosTests.xctest */,
			);
			name = Products;
			sourceTree = "<group>";
		};
		FCA6F7341B5B50A90023686E /* nostalgic-pluto-ios */ = {
			isa = PBXGroup;
			children = (
				FCC96AF51B65EFEC0097DF67 /* Helper */,
				FC1B7B481B61ECF30012708D /* Cloudinary */,
				FCA6F75A1B5C30B20023686E /* viewcontrollers */,
				FCA6F7371B5B50A90023686E /* AppDelegate.swift */,
				FCA6F73E1B5B50A90023686E /* Main.storyboard */,
				FCA6F7411B5B50A90023686E /* Images.xcassets */,
				FCA6F7431B5B50A90023686E /* LaunchScreen.xib */,
				FCA6F7391B5B50A90023686E /* nostalgic_pluto_ios.xcdatamodeld */,
				FCA6F7351B5B50A90023686E /* Supporting Files */,
			);
			path = "nostalgic-pluto-ios";
			sourceTree = "<group>";
		};
		FCA6F7351B5B50A90023686E /* Supporting Files */ = {
			isa = PBXGroup;
			children = (
				FCA6F7361B5B50A90023686E /* Info.plist */,
			);
			name = "Supporting Files";
			sourceTree = "<group>";
		};
		FCA6F74D1B5B50A90023686E /* nostalgic-pluto-iosTests */ = {
			isa = PBXGroup;
			children = (
				FCA6F7501B5B50A90023686E /* nostalgic_pluto_iosTests.swift */,
				FCA6F74E1B5B50A90023686E /* Supporting Files */,
			);
			path = "nostalgic-pluto-iosTests";
			sourceTree = "<group>";
		};
		FCA6F74E1B5B50A90023686E /* Supporting Files */ = {
			isa = PBXGroup;
			children = (
				FCA6F74F1B5B50A90023686E /* Info.plist */,
			);
			name = "Supporting Files";
			sourceTree = "<group>";
		};
		FCA6F75A1B5C30B20023686E /* viewcontrollers */ = {
			isa = PBXGroup;
			children = (
				FCA6F73C1B5B50A90023686E /* HomeViewController.swift */,
				FCA6F75B1B5C30E50023686E /* ImageViewController.swift */,
			);
			name = viewcontrollers;
			sourceTree = "<group>";
		};
		FCC96AF51B65EFEC0097DF67 /* Helper */ = {
			isa = PBXGroup;
			children = (
				FCC96AF61B65F0030097DF67 /* API.swift */,
				FCC96AF71B65F0030097DF67 /* APIService.swift */,
				FCC96AF81B65F0030097DF67 /* APIAdapter.swift */,
			);
			name = Helper;
			sourceTree = "<group>";
		};
/* End PBXGroup section */

/* Begin PBXNativeTarget section */
		FCA6F7311B5B50A90023686E /* nostalgic-pluto-ios */ = {
			isa = PBXNativeTarget;
			buildConfigurationList = FCA6F7541B5B50A90023686E /* Build configuration list for PBXNativeTarget "nostalgic-pluto-ios" */;
			buildPhases = (
				FCA6F72E1B5B50A90023686E /* Sources */,
				FCA6F72F1B5B50A90023686E /* Frameworks */,
				FCA6F7301B5B50A90023686E /* Resources */,
			);
			buildRules = (
			);
			dependencies = (
			);
			name = "nostalgic-pluto-ios";
			productName = "nostalgic-pluto-ios";
			productReference = FCA6F7321B5B50A90023686E /* nostalgic-pluto-ios.app */;
			productType = "com.apple.product-type.application";
		};
		FCA6F7491B5B50A90023686E /* nostalgic-pluto-iosTests */ = {
			isa = PBXNativeTarget;
			buildConfigurationList = FCA6F7571B5B50A90023686E /* Build configuration list for PBXNativeTarget "nostalgic-pluto-iosTests" */;
			buildPhases = (
				FCA6F7461B5B50A90023686E /* Sources */,
				FCA6F7471B5B50A90023686E /* Frameworks */,
				FCA6F7481B5B50A90023686E /* Resources */,
			);
			buildRules = (
			);
			dependencies = (
				FCA6F74C1B5B50A90023686E /* PBXTargetDependency */,
			);
			name = "nostalgic-pluto-iosTests";
			productName = "nostalgic-pluto-iosTests";
			productReference = FCA6F74A1B5B50A90023686E /* nostalgic-pluto-iosTests.xctest */;
			productType = "com.apple.product-type.bundle.unit-test";
		};
/* End PBXNativeTarget section */

/* Begin PBXProject section */
		FCA6F72A1B5B50A90023686E /* Project object */ = {
			isa = PBXProject;
			attributes = {
				LastUpgradeCheck = 0630;
				ORGANIZATIONNAME = "Jinyue Xia";
				TargetAttributes = {
					FCA6F7311B5B50A90023686E = {
						CreatedOnToolsVersion = 6.3.2;
					};
					FCA6F7491B5B50A90023686E = {
						CreatedOnToolsVersion = 6.3.2;
						TestTargetID = FCA6F7311B5B50A90023686E;
					};
				};
			};
			buildConfigurationList = FCA6F72D1B5B50A90023686E /* Build configuration list for PBXProject "nostalgic-pluto-ios" */;
			compatibilityVersion = "Xcode 3.2";
			developmentRegion = English;
			hasScannedForEncodings = 0;
			knownRegions = (
				en,
				Base,
			);
			mainGroup = FCA6F7291B5B50A90023686E;
			productRefGroup = FCA6F7331B5B50A90023686E /* Products */;
			projectDirPath = "";
			projectRoot = "";
			targets = (
				FCA6F7311B5B50A90023686E /* nostalgic-pluto-ios */,
				FCA6F7491B5B50A90023686E /* nostalgic-pluto-iosTests */,
			);
		};
/* End PBXProject section */

/* Begin PBXResourcesBuildPhase section */
		FCA6F7301B5B50A90023686E /* Resources */ = {
			isa = PBXResourcesBuildPhase;
			buildActionMask = 2147483647;
			files = (
				FCA6F7401B5B50A90023686E /* Main.storyboard in Resources */,
				FCA6F7451B5B50A90023686E /* LaunchScreen.xib in Resources */,
				FCA6F7421B5B50A90023686E /* Images.xcassets in Resources */,
			);
			runOnlyForDeploymentPostprocessing = 0;
		};
		FCA6F7481B5B50A90023686E /* Resources */ = {
			isa = PBXResourcesBuildPhase;
			buildActionMask = 2147483647;
			files = (
			);
			runOnlyForDeploymentPostprocessing = 0;
		};
/* End PBXResourcesBuildPhase section */

/* Begin PBXSourcesBuildPhase section */
		FCA6F72E1B5B50A90023686E /* Sources */ = {
			isa = PBXSourcesBuildPhase;
			buildActionMask = 2147483647;
			files = (
				FCA6F73D1B5B50A90023686E /* HomeViewController.swift in Sources */,
				FCA6F73B1B5B50A90023686E /* nostalgic_pluto_ios.xcdatamodeld in Sources */,
				FCC96AFB1B65F0030097DF67 /* APIAdapter.swift in Sources */,
				FCA6F75C1B5C30E50023686E /* ImageViewController.swift in Sources */,
				FCA6F7381B5B50A90023686E /* AppDelegate.swift in Sources */,
				FCC96AFA1B65F0030097DF67 /* APIService.swift in Sources */,
				FCC96AF91B65F0030097DF67 /* API.swift in Sources */,
			);
			runOnlyForDeploymentPostprocessing = 0;
		};
		FCA6F7461B5B50A90023686E /* Sources */ = {
			isa = PBXSourcesBuildPhase;
			buildActionMask = 2147483647;
			files = (
				FCA6F7511B5B50A90023686E /* nostalgic_pluto_iosTests.swift in Sources */,
			);
			runOnlyForDeploymentPostprocessing = 0;
		};
/* End PBXSourcesBuildPhase section */

/* Begin PBXTargetDependency section */
		FCA6F74C1B5B50A90023686E /* PBXTargetDependency */ = {
			isa = PBXTargetDependency;
			target = FCA6F7311B5B50A90023686E /* nostalgic-pluto-ios */;
			targetProxy = FCA6F74B1B5B50A90023686E /* PBXContainerItemProxy */;
		};
/* End PBXTargetDependency section */

/* Begin PBXVariantGroup section */
		FCA6F73E1B5B50A90023686E /* Main.storyboard */ = {
			isa = PBXVariantGroup;
			children = (
				FCA6F73F1B5B50A90023686E /* Base */,
			);
			name = Main.storyboard;
			sourceTree = "<group>";
		};
		FCA6F7431B5B50A90023686E /* LaunchScreen.xib */ = {
			isa = PBXVariantGroup;
			children = (
				FCA6F7441B5B50A90023686E /* Base */,
			);
			name = LaunchScreen.xib;
			sourceTree = "<group>";
		};
/* End PBXVariantGroup section */

/* Begin XCBuildConfiguration section */
		FCA6F7521B5B50A90023686E /* Debug */ = {
			isa = XCBuildConfiguration;
			buildSettings = {
				ALWAYS_SEARCH_USER_PATHS = NO;
				CLANG_CXX_LANGUAGE_STANDARD = "gnu++0x";
				CLANG_CXX_LIBRARY = "libc++";
				CLANG_ENABLE_MODULES = YES;
				CLANG_ENABLE_OBJC_ARC = YES;
				CLANG_WARN_BOOL_CONVERSION = YES;
				CLANG_WARN_CONSTANT_CONVERSION = YES;
				CLANG_WARN_DIRECT_OBJC_ISA_USAGE = YES_ERROR;
				CLANG_WARN_EMPTY_BODY = YES;
				CLANG_WARN_ENUM_CONVERSION = YES;
				CLANG_WARN_INT_CONVERSION = YES;
				CLANG_WARN_OBJC_ROOT_CLASS = YES_ERROR;
				CLANG_WARN_UNREACHABLE_CODE = YES;
				CLANG_WARN__DUPLICATE_METHOD_MATCH = YES;
				"CODE_SIGN_IDENTITY[sdk=iphoneos*]" = "iPhone Developer";
				COPY_PHASE_STRIP = NO;
				DEBUG_INFORMATION_FORMAT = "dwarf-with-dsym";
				ENABLE_STRICT_OBJC_MSGSEND = YES;
				GCC_C_LANGUAGE_STANDARD = gnu99;
				GCC_DYNAMIC_NO_PIC = NO;
				GCC_NO_COMMON_BLOCKS = YES;
				GCC_OPTIMIZATION_LEVEL = 0;
				GCC_PREPROCESSOR_DEFINITIONS = (
					"DEBUG=1",
					"$(inherited)",
				);
				GCC_SYMBOLS_PRIVATE_EXTERN = NO;
				GCC_WARN_64_TO_32_BIT_CONVERSION = YES;
				GCC_WARN_ABOUT_RETURN_TYPE = YES_ERROR;
				GCC_WARN_UNDECLARED_SELECTOR = YES;
				GCC_WARN_UNINITIALIZED_AUTOS = YES_AGGRESSIVE;
				GCC_WARN_UNUSED_FUNCTION = YES;
				GCC_WARN_UNUSED_VARIABLE = YES;
				IPHONEOS_DEPLOYMENT_TARGET = 8.3;
				MTL_ENABLE_DEBUG_INFO = YES;
				ONLY_ACTIVE_ARCH = YES;
				SDKROOT = iphoneos;
				SWIFT_OPTIMIZATION_LEVEL = "-Onone";
			};
			name = Debug;
		};
		FCA6F7531B5B50A90023686E /* Release */ = {
			isa = XCBuildConfiguration;
			buildSettings = {
				ALWAYS_SEARCH_USER_PATHS = NO;
				CLANG_CXX_LANGUAGE_STANDARD = "gnu++0x";
				CLANG_CXX_LIBRARY = "libc++";
				CLANG_ENABLE_MODULES = YES;
				CLANG_ENABLE_OBJC_ARC = YES;
				CLANG_WARN_BOOL_CONVERSION = YES;
				CLANG_WARN_CONSTANT_CONVERSION = YES;
				CLANG_WARN_DIRECT_OBJC_ISA_USAGE = YES_ERROR;
				CLANG_WARN_EMPTY_BODY = YES;
				CLANG_WARN_ENUM_CONVERSION = YES;
				CLANG_WARN_INT_CONVERSION = YES;
				CLANG_WARN_OBJC_ROOT_CLASS = YES_ERROR;
				CLANG_WARN_UNREACHABLE_CODE = YES;
				CLANG_WARN__DUPLICATE_METHOD_MATCH = YES;
				"CODE_SIGN_IDENTITY[sdk=iphoneos*]" = "iPhone Developer";
				COPY_PHASE_STRIP = NO;
				DEBUG_INFORMATION_FORMAT = "dwarf-with-dsym";
				ENABLE_NS_ASSERTIONS = NO;
				ENABLE_STRICT_OBJC_MSGSEND = YES;
				GCC_C_LANGUAGE_STANDARD = gnu99;
				GCC_NO_COMMON_BLOCKS = YES;
				GCC_WARN_64_TO_32_BIT_CONVERSION = YES;
				GCC_WARN_ABOUT_RETURN_TYPE = YES_ERROR;
				GCC_WARN_UNDECLARED_SELECTOR = YES;
				GCC_WARN_UNINITIALIZED_AUTOS = YES_AGGRESSIVE;
				GCC_WARN_UNUSED_FUNCTION = YES;
				GCC_WARN_UNUSED_VARIABLE = YES;
				IPHONEOS_DEPLOYMENT_TARGET = 8.3;
				MTL_ENABLE_DEBUG_INFO = NO;
				SDKROOT = iphoneos;
				VALIDATE_PRODUCT = YES;
			};
			name = Release;
		};
		FCA6F7551B5B50A90023686E /* Debug */ = {
			isa = XCBuildConfiguration;
			buildSettings = {
				ASSETCATALOG_COMPILER_APPICON_NAME = AppIcon;
				CLANG_ENABLE_MODULES = YES;
				INFOPLIST_FILE = "nostalgic-pluto-ios/Info.plist";
				LD_RUNPATH_SEARCH_PATHS = "$(inherited) @executable_path/Frameworks";
				LIBRARY_SEARCH_PATHS = (
					"$(inherited)",
					"$(PROJECT_DIR)",
				);
				OTHER_LDFLAGS = "-ObjC";
				PRODUCT_NAME = "$(TARGET_NAME)";
				SWIFT_OBJC_BRIDGING_HEADER = "nostalgic-pluto-ios/Cloudinary/nostalgic-pluto-ios-Bridging-Header.h";
				SWIFT_OPTIMIZATION_LEVEL = "-Onone";
			};
			name = Debug;
		};
		FCA6F7561B5B50A90023686E /* Release */ = {
			isa = XCBuildConfiguration;
			buildSettings = {
				ASSETCATALOG_COMPILER_APPICON_NAME = AppIcon;
				CLANG_ENABLE_MODULES = YES;
				INFOPLIST_FILE = "nostalgic-pluto-ios/Info.plist";
				LD_RUNPATH_SEARCH_PATHS = "$(inherited) @executable_path/Frameworks";
				LIBRARY_SEARCH_PATHS = (
					"$(inherited)",
					"$(PROJECT_DIR)",
				);
				OTHER_LDFLAGS = "-ObjC";
				PRODUCT_NAME = "$(TARGET_NAME)";
				SWIFT_OBJC_BRIDGING_HEADER = "nostalgic-pluto-ios/Cloudinary/nostalgic-pluto-ios-Bridging-Header.h";
			};
			name = Release;
		};
		FCA6F7581B5B50A90023686E /* Debug */ = {
			isa = XCBuildConfiguration;
			buildSettings = {
				BUNDLE_LOADER = "$(TEST_HOST)";
				FRAMEWORK_SEARCH_PATHS = (
					"$(SDKROOT)/Developer/Library/Frameworks",
					"$(inherited)",
				);
				GCC_PREPROCESSOR_DEFINITIONS = (
					"DEBUG=1",
					"$(inherited)",
				);
				INFOPLIST_FILE = "nostalgic-pluto-iosTests/Info.plist";
				LD_RUNPATH_SEARCH_PATHS = "$(inherited) @executable_path/Frameworks @loader_path/Frameworks";
				PRODUCT_NAME = "$(TARGET_NAME)";
				TEST_HOST = "$(BUILT_PRODUCTS_DIR)/nostalgic-pluto-ios.app/nostalgic-pluto-ios";
			};
			name = Debug;
		};
		FCA6F7591B5B50A90023686E /* Release */ = {
			isa = XCBuildConfiguration;
			buildSettings = {
				BUNDLE_LOADER = "$(TEST_HOST)";
				FRAMEWORK_SEARCH_PATHS = (
					"$(SDKROOT)/Developer/Library/Frameworks",
					"$(inherited)",
				);
				INFOPLIST_FILE = "nostalgic-pluto-iosTests/Info.plist";
				LD_RUNPATH_SEARCH_PATHS = "$(inherited) @executable_path/Frameworks @loader_path/Frameworks";
				PRODUCT_NAME = "$(TARGET_NAME)";
				TEST_HOST = "$(BUILT_PRODUCTS_DIR)/nostalgic-pluto-ios.app/nostalgic-pluto-ios";
			};
			name = Release;
		};
/* End XCBuildConfiguration section */

/* Begin XCConfigurationList section */
		FCA6F72D1B5B50A90023686E /* Build configuration list for PBXProject "nostalgic-pluto-ios" */ = {
			isa = XCConfigurationList;
			buildConfigurations = (
				FCA6F7521B5B50A90023686E /* Debug */,
				FCA6F7531B5B50A90023686E /* Release */,
			);
			defaultConfigurationIsVisible = 0;
			defaultConfigurationName = Release;
		};
		FCA6F7541B5B50A90023686E /* Build configuration list for PBXNativeTarget "nostalgic-pluto-ios" */ = {
			isa = XCConfigurationList;
			buildConfigurations = (
				FCA6F7551B5B50A90023686E /* Debug */,
				FCA6F7561B5B50A90023686E /* Release */,
			);
			defaultConfigurationIsVisible = 0;
			defaultConfigurationName = Release;
		};
		FCA6F7571B5B50A90023686E /* Build configuration list for PBXNativeTarget "nostalgic-pluto-iosTests" */ = {
			isa = XCConfigurationList;
			buildConfigurations = (
				FCA6F7581B5B50A90023686E /* Debug */,
				FCA6F7591B5B50A90023686E /* Release */,
			);
			defaultConfigurationIsVisible = 0;
			defaultConfigurationName = Release;
		};
/* End XCConfigurationList section */

/* Begin XCVersionGroup section */
		FCA6F7391B5B50A90023686E /* nostalgic_pluto_ios.xcdatamodeld */ = {
			isa = XCVersionGroup;
			children = (
				FCA6F73A1B5B50A90023686E /* nostalgic_pluto_ios.xcdatamodel */,
			);
			currentVersion = FCA6F73A1B5B50A90023686E /* nostalgic_pluto_ios.xcdatamodel */;
			path = nostalgic_pluto_ios.xcdatamodeld;
			sourceTree = "<group>";
			versionGroupType = wrapper.xcdatamodel;
		};
/* End XCVersionGroup section */
	};
	rootObject = FCA6F72A1B5B50A90023686E /* Project object */;
}
